{
  "name": "@verso/benchmark",
  "version": "1.0.0",
  "lockfileVersion": 1,
  "requires": true,
  "dependencies": {
    "@sindresorhus/fnv1a": {
      "version": "2.0.0",
      "resolved": "https://registry.npmjs.org/@sindresorhus/fnv1a/-/fnv1a-2.0.0.tgz",
      "integrity": "sha512-HAK3TQvR1AbJ4uMFBp9K0V+jlujsHkCokWJRebQK1mlXBG+i7Q5/Y7AKRmqVPt4T78Uqp2U5fFHgK3gxi4OUqw=="
    },
    "fnv1a": {
      "version": "1.0.1",
      "resolved": "https://registry.npmjs.org/fnv1a/-/fnv1a-1.0.1.tgz",
      "integrity": "sha1-kV4tbQI8Q9UiStn20qPEFW9XEvU="
    },
    "hash-sum": {
      "version": "2.0.0",
      "resolved": "https://registry.npmjs.org/hash-sum/-/hash-sum-2.0.0.tgz",
      "integrity": "sha512-WdZTbAByD+pHfl/g9QSsBIIwy8IT+EsPiKDs0KNX+zSHhdDLFKdZu0BQHljvO+0QI/BasbMSUa8wYNCZTvhslg=="
    }
  }
}
